
Microsoft Visual Studio Solution File, Format Version 12.00
# Visual Studio Version 16
VisualStudioVersion = 16.0.30907.101
MinimumVisualStudioVersion = 10.0.40219.1
Project("{FAE04EC0-301F-11D3-BF4B-00C04F79EFBC}") = "Backend", "Backend.csproj", "{49693585-1A20-4CB6-8670-430EA5F43FCF}"
EndProject
Global
	GlobalSection(SolutionConfigurationPlatforms) = preSolution
		Debug|Any CPU = Debug|Any CPU
		Release|Any CPU = Release|Any CPU
	EndGlobalSection
	GlobalSection(ProjectConfigurationPlatforms) = postSolution
		{49693585-1A20-4CB6-8670-430EA5F43FCF}.Debug|Any CPU.ActiveCfg = Debug|Any CPU
		{49693585-1A20-4CB6-8670-430EA5F43FCF}.Debug|Any CPU.Build.0 = Debug|Any CPU
		{49693585-1A20-4CB6-8670-430EA5F43FCF}.Release|Any CPU.ActiveCfg = Release|Any CPU
		{49693585-1A20-4CB6-8670-430EA5F43FCF}.Release|Any CPU.Build.0 = Release|Any CPU
	EndGlobalSection
	GlobalSection(SolutionProperties) = preSolution
		HideSolutionNode = FALSE
	EndGlobalSection
	GlobalSection(ExtensibilityGlobals) = postSolution
		SolutionGuid = {048C11B1-96F7-4B30-A8C0-508BFF6F373C}
	EndGlobalSection
EndGlobal
